
Microsoft Visual Studio Solution File, Format Version 12.00
# Visual Studio Version 17
VisualStudioVersion = 17.4.33205.214
MinimumVisualStudioVersion = 10.0.40219.1
Project("{FAE04EC0-301F-11D3-BF4B-00C04F79EFBC}") = "PictureFrame", "PictureFrame\PictureFrame.csproj", "{644E1EC7-3B48-4D49-8AA5-51A20CE9DDCC}"
EndProject
Global
	GlobalSection(SolutionConfigurationPlatforms) = preSolution
		Debug|Any CPU = Debug|Any CPU
		Release|Any CPU = Release|Any CPU
	EndGlobalSection
	GlobalSection(ProjectConfigurationPlatforms) = postSolution
		{644E1EC7-3B48-4D49-8AA5-51A20CE9DDCC}.Debug|Any CPU.ActiveCfg = Debug|Any CPU
		{644E1EC7-3B48-4D49-8AA5-51A20CE9DDCC}.Debug|Any CPU.Build.0 = Debug|Any CPU
		{644E1EC7-3B48-4D49-8AA5-51A20CE9DDCC}.Release|Any CPU.ActiveCfg = Release|Any CPU
		{644E1EC7-3B48-4D49-8AA5-51A20CE9DDCC}.Release|Any CPU.Build.0 = Release|Any CPU
	EndGlobalSection
	GlobalSection(SolutionProperties) = preSolution
		HideSolutionNode = FALSE
	EndGlobalSection
	GlobalSection(ExtensibilityGlobals) = postSolution
		SolutionGuid = {36FB0175-F4E9-48F3-A208-1B7867EDA431}
	EndGlobalSection
EndGlobal
